
Microsoft Visual Studio Solution File, Format Version 12.00
# Visual Studio Version 17
VisualStudioVersion = 17.12.35514.174 d17.12
MinimumVisualStudioVersion = 10.0.40219.1
Project("{FAE04EC0-301F-11D3-BF4B-00C04F79EFBC}") = "Laboratorio201", "Laboratorio201\Laboratorio201.csproj", "{4B659E52-EE10-4EC8-ABC3-8E89FA19F062}"
EndProject
Project("{FAE04EC0-301F-11D3-BF4B-00C04F79EFBC}") = "Laboratorio202", "Laboratorio202\Laboratorio202.csproj", "{9312806D-F8A9-4C80-9C11-E122BEE9D104}"
EndProject
Project("{FAE04EC0-301F-11D3-BF4B-00C04F79EFBC}") = "Laboratorio203", "Laboratorio203\Laboratorio203.csproj", "{F136F6FB-FAAA-483E-96FA-4BB3FB67EB55}"
EndProject
Global
	GlobalSection(SolutionConfigurationPlatforms) = preSolution
		Debug|Any CPU = Debug|Any CPU
		Release|Any CPU = Release|Any CPU
	EndGlobalSection
	GlobalSection(ProjectConfigurationPlatforms) = postSolution
		{4B659E52-EE10-4EC8-ABC3-8E89FA19F062}.Debug|Any CPU.ActiveCfg = Debug|Any CPU
		{4B659E52-EE10-4EC8-ABC3-8E89FA19F062}.Debug|Any CPU.Build.0 = Debug|Any CPU
		{4B659E52-EE10-4EC8-ABC3-8E89FA19F062}.Release|Any CPU.ActiveCfg = Release|Any CPU
		{4B659E52-EE10-4EC8-ABC3-8E89FA19F062}.Release|Any CPU.Build.0 = Release|Any CPU
		{9312806D-F8A9-4C80-9C11-E122BEE9D104}.Debug|Any CPU.ActiveCfg = Debug|Any CPU
		{9312806D-F8A9-4C80-9C11-E122BEE9D104}.Debug|Any CPU.Build.0 = Debug|Any CPU
		{9312806D-F8A9-4C80-9C11-E122BEE9D104}.Release|Any CPU.ActiveCfg = Release|Any CPU
		{9312806D-F8A9-4C80-9C11-E122BEE9D104}.Release|Any CPU.Build.0 = Release|Any CPU
		{F136F6FB-FAAA-483E-96FA-4BB3FB67EB55}.Debug|Any CPU.ActiveCfg = Debug|Any CPU
		{F136F6FB-FAAA-483E-96FA-4BB3FB67EB55}.Debug|Any CPU.Build.0 = Debug|Any CPU
		{F136F6FB-FAAA-483E-96FA-4BB3FB67EB55}.Release|Any CPU.ActiveCfg = Release|Any CPU
		{F136F6FB-FAAA-483E-96FA-4BB3FB67EB55}.Release|Any CPU.Build.0 = Release|Any CPU
	EndGlobalSection
	GlobalSection(SolutionProperties) = preSolution
		HideSolutionNode = FALSE
	EndGlobalSection
EndGlobal
