
Microsoft Visual Studio Solution File, Format Version 12.00
# Visual Studio Version 17
VisualStudioVersion = 17.11.35208.52
MinimumVisualStudioVersion = 10.0.40219.1
Project("{9A19103F-16F7-4668-BE54-9A1E7A4F7556}") = "laboratorio2", "laboratorio2\laboratorio2.csproj", "{BE52FB04-2EF3-4914-A9C7-1A15D1CD7821}"
EndProject
Project("{FAE04EC0-301F-11D3-BF4B-00C04F79EFBC}") = "laboratorio2.1", "laboratorio2.1\laboratorio2.1.csproj", "{63E73E9E-E08F-4BDF-9A38-B3DDF4F241F6}"
EndProject
Global
	GlobalSection(SolutionConfigurationPlatforms) = preSolution
		Debug|Any CPU = Debug|Any CPU
		Release|Any CPU = Release|Any CPU
	EndGlobalSection
	GlobalSection(ProjectConfigurationPlatforms) = postSolution
		{BE52FB04-2EF3-4914-A9C7-1A15D1CD7821}.Debug|Any CPU.ActiveCfg = Debug|Any CPU
		{BE52FB04-2EF3-4914-A9C7-1A15D1CD7821}.Debug|Any CPU.Build.0 = Debug|Any CPU
		{BE52FB04-2EF3-4914-A9C7-1A15D1CD7821}.Release|Any CPU.ActiveCfg = Release|Any CPU
		{BE52FB04-2EF3-4914-A9C7-1A15D1CD7821}.Release|Any CPU.Build.0 = Release|Any CPU
		{63E73E9E-E08F-4BDF-9A38-B3DDF4F241F6}.Debug|Any CPU.ActiveCfg = Debug|Any CPU
		{63E73E9E-E08F-4BDF-9A38-B3DDF4F241F6}.Debug|Any CPU.Build.0 = Debug|Any CPU
		{63E73E9E-E08F-4BDF-9A38-B3DDF4F241F6}.Release|Any CPU.ActiveCfg = Release|Any CPU
		{63E73E9E-E08F-4BDF-9A38-B3DDF4F241F6}.Release|Any CPU.Build.0 = Release|Any CPU
	EndGlobalSection
	GlobalSection(SolutionProperties) = preSolution
		HideSolutionNode = FALSE
	EndGlobalSection
	GlobalSection(ExtensibilityGlobals) = postSolution
		SolutionGuid = {A19BEE9D-D3CA-46EC-8CC1-622DA82CB8CD}
	EndGlobalSection
EndGlobal
