
Microsoft Visual Studio Solution File, Format Version 12.00
# Visual Studio Version 17
VisualStudioVersion = 17.11.35208.52
MinimumVisualStudioVersion = 10.0.40219.1
Project("{FAE04EC0-301F-11D3-BF4B-00C04F79EFBC}") = "Api proyecto final", "Api proyecto final\Api proyecto final.csproj", "{0FB6E76F-16B9-49D2-B2A2-C1E1D8D69E47}"
EndProject
Global
	GlobalSection(SolutionConfigurationPlatforms) = preSolution
		Debug|Any CPU = Debug|Any CPU
		Release|Any CPU = Release|Any CPU
	EndGlobalSection
	GlobalSection(ProjectConfigurationPlatforms) = postSolution
		{0FB6E76F-16B9-49D2-B2A2-C1E1D8D69E47}.Debug|Any CPU.ActiveCfg = Debug|Any CPU
		{0FB6E76F-16B9-49D2-B2A2-C1E1D8D69E47}.Debug|Any CPU.Build.0 = Debug|Any CPU
		{0FB6E76F-16B9-49D2-B2A2-C1E1D8D69E47}.Release|Any CPU.ActiveCfg = Release|Any CPU
		{0FB6E76F-16B9-49D2-B2A2-C1E1D8D69E47}.Release|Any CPU.Build.0 = Release|Any CPU
	EndGlobalSection
	GlobalSection(SolutionProperties) = preSolution
		HideSolutionNode = FALSE
	EndGlobalSection
	GlobalSection(ExtensibilityGlobals) = postSolution
		SolutionGuid = {A626D6CC-9686-497A-A8A6-52CC04774EB3}
	EndGlobalSection
EndGlobal
