
Microsoft Visual Studio Solution File, Format Version 12.00
# Visual Studio Version 17
VisualStudioVersion = 17.11.35208.52
MinimumVisualStudioVersion = 10.0.40219.1
Project("{9A19103F-16F7-4668-BE54-9A1E7A4F7556}") = "lab6.1", "lab6.1\lab6.1.csproj", "{FF8FBA27-AA15-4908-9943-4E9B39E71A7E}"
EndProject
Project("{FAE04EC0-301F-11D3-BF4B-00C04F79EFBC}") = "lab6.2", "lab62\lab6.2.csproj", "{703551EC-ADB9-455E-B213-92A2154219E5}"
EndProject
Project("{FAE04EC0-301F-11D3-BF4B-00C04F79EFBC}") = "lab6.3", "lab6.3\lab6.3.csproj", "{5D3624D4-E35A-441F-9876-01E7CB324DE4}"
EndProject
Global
	GlobalSection(SolutionConfigurationPlatforms) = preSolution
		Debug|Any CPU = Debug|Any CPU
		Release|Any CPU = Release|Any CPU
	EndGlobalSection
	GlobalSection(ProjectConfigurationPlatforms) = postSolution
		{FF8FBA27-AA15-4908-9943-4E9B39E71A7E}.Debug|Any CPU.ActiveCfg = Debug|Any CPU
		{FF8FBA27-AA15-4908-9943-4E9B39E71A7E}.Debug|Any CPU.Build.0 = Debug|Any CPU
		{FF8FBA27-AA15-4908-9943-4E9B39E71A7E}.Release|Any CPU.ActiveCfg = Release|Any CPU
		{FF8FBA27-AA15-4908-9943-4E9B39E71A7E}.Release|Any CPU.Build.0 = Release|Any CPU
		{703551EC-ADB9-455E-B213-92A2154219E5}.Debug|Any CPU.ActiveCfg = Debug|Any CPU
		{703551EC-ADB9-455E-B213-92A2154219E5}.Debug|Any CPU.Build.0 = Debug|Any CPU
		{703551EC-ADB9-455E-B213-92A2154219E5}.Release|Any CPU.ActiveCfg = Release|Any CPU
		{703551EC-ADB9-455E-B213-92A2154219E5}.Release|Any CPU.Build.0 = Release|Any CPU
		{5D3624D4-E35A-441F-9876-01E7CB324DE4}.Debug|Any CPU.ActiveCfg = Debug|Any CPU
		{5D3624D4-E35A-441F-9876-01E7CB324DE4}.Debug|Any CPU.Build.0 = Debug|Any CPU
		{5D3624D4-E35A-441F-9876-01E7CB324DE4}.Release|Any CPU.ActiveCfg = Release|Any CPU
		{5D3624D4-E35A-441F-9876-01E7CB324DE4}.Release|Any CPU.Build.0 = Release|Any CPU
	EndGlobalSection
	GlobalSection(SolutionProperties) = preSolution
		HideSolutionNode = FALSE
	EndGlobalSection
	GlobalSection(ExtensibilityGlobals) = postSolution
		SolutionGuid = {85CCA2C9-5045-4A88-BDF6-4FF016174ACE}
	EndGlobalSection
EndGlobal
