
Microsoft Visual Studio Solution File, Format Version 12.00
# Visual Studio Version 17
VisualStudioVersion = 17.11.35208.52
MinimumVisualStudioVersion = 10.0.40219.1
Project("{FAE04EC0-301F-11D3-BF4B-00C04F79EFBC}") = "Lab13", "Lab13\Lab13.csproj", "{7CC42562-E794-4139-9AF2-A3D1E6B55F72}"
EndProject
Global
	GlobalSection(SolutionConfigurationPlatforms) = preSolution
		Debug|Any CPU = Debug|Any CPU
		Release|Any CPU = Release|Any CPU
	EndGlobalSection
	GlobalSection(ProjectConfigurationPlatforms) = postSolution
		{7CC42562-E794-4139-9AF2-A3D1E6B55F72}.Debug|Any CPU.ActiveCfg = Debug|Any CPU
		{7CC42562-E794-4139-9AF2-A3D1E6B55F72}.Debug|Any CPU.Build.0 = Debug|Any CPU
		{7CC42562-E794-4139-9AF2-A3D1E6B55F72}.Release|Any CPU.ActiveCfg = Release|Any CPU
		{7CC42562-E794-4139-9AF2-A3D1E6B55F72}.Release|Any CPU.Build.0 = Release|Any CPU
	EndGlobalSection
	GlobalSection(SolutionProperties) = preSolution
		HideSolutionNode = FALSE
	EndGlobalSection
	GlobalSection(ExtensibilityGlobals) = postSolution
		SolutionGuid = {3EA28936-2A51-4179-9AC9-CFCD201E9BAB}
	EndGlobalSection
EndGlobal
