
Microsoft Visual Studio Solution File, Format Version 12.00
# Visual Studio Version 17
VisualStudioVersion = 17.11.35208.52
MinimumVisualStudioVersion = 10.0.40219.1
Project("{FAE04EC0-301F-11D3-BF4B-00C04F79EFBC}") = "parcial1", "parcial1\parcial1.csproj", "{FB36D9A0-1615-43FD-8DB8-BBAAB9C33CF4}"
EndProject
Global
	GlobalSection(SolutionConfigurationPlatforms) = preSolution
		Debug|Any CPU = Debug|Any CPU
		Release|Any CPU = Release|Any CPU
	EndGlobalSection
	GlobalSection(ProjectConfigurationPlatforms) = postSolution
		{FB36D9A0-1615-43FD-8DB8-BBAAB9C33CF4}.Debug|Any CPU.ActiveCfg = Debug|Any CPU
		{FB36D9A0-1615-43FD-8DB8-BBAAB9C33CF4}.Debug|Any CPU.Build.0 = Debug|Any CPU
		{FB36D9A0-1615-43FD-8DB8-BBAAB9C33CF4}.Release|Any CPU.ActiveCfg = Release|Any CPU
		{FB36D9A0-1615-43FD-8DB8-BBAAB9C33CF4}.Release|Any CPU.Build.0 = Release|Any CPU
	EndGlobalSection
	GlobalSection(SolutionProperties) = preSolution
		HideSolutionNode = FALSE
	EndGlobalSection
	GlobalSection(ExtensibilityGlobals) = postSolution
		SolutionGuid = {0857B677-239D-4978-AB34-671B42AEBAD5}
	EndGlobalSection
EndGlobal
