
Microsoft Visual Studio Solution File, Format Version 12.00
# Visual Studio Version 17
VisualStudioVersion = 17.11.35208.52
MinimumVisualStudioVersion = 10.0.40219.1
Project("{FAE04EC0-301F-11D3-BF4B-00C04F79EFBC}") = "LAB8", "LAB8\LAB8.csproj", "{DC4682A1-F3B6-4410-A51B-1415E0611C1F}"
EndProject
Project("{FAE04EC0-301F-11D3-BF4B-00C04F79EFBC}") = "Lab8.2", "Lab8.2\Lab8.2.csproj", "{23E7A478-40D8-4AA9-A407-75E98E092B72}"
EndProject
Project("{FAE04EC0-301F-11D3-BF4B-00C04F79EFBC}") = "lab8.3", "lab8.3\lab8.3.csproj", "{40AE3664-693F-4BBC-AB94-09624EF67769}"
EndProject
Project("{FAE04EC0-301F-11D3-BF4B-00C04F79EFBC}") = "lab8.4", "lab8.4\lab8.4.csproj", "{672DB7AD-87CE-4418-821B-EB814A1DA144}"
EndProject
Project("{FAE04EC0-301F-11D3-BF4B-00C04F79EFBC}") = "lab8.5", "lab8.5\lab8.5.csproj", "{FF3B8F71-72D4-4031-88C5-315C3150353F}"
EndProject
Project("{FAE04EC0-301F-11D3-BF4B-00C04F79EFBC}") = "lab8.6", "lab8.6\lab8.6.csproj", "{600DB5EA-B709-4716-AB19-411F7F0423A5}"
EndProject
Project("{FAE04EC0-301F-11D3-BF4B-00C04F79EFBC}") = "lab8.7", "lab8.7\lab8.7.csproj", "{986A61E7-BB19-488F-BCCF-F1F029AD273C}"
EndProject
Project("{FAE04EC0-301F-11D3-BF4B-00C04F79EFBC}") = "lab8.8", "lab8.8\lab8.8.csproj", "{369AAC59-6C34-4856-B9B0-5760A3D6349E}"
EndProject
Global
	GlobalSection(SolutionConfigurationPlatforms) = preSolution
		Debug|Any CPU = Debug|Any CPU
		Release|Any CPU = Release|Any CPU
	EndGlobalSection
	GlobalSection(ProjectConfigurationPlatforms) = postSolution
		{DC4682A1-F3B6-4410-A51B-1415E0611C1F}.Debug|Any CPU.ActiveCfg = Debug|Any CPU
		{DC4682A1-F3B6-4410-A51B-1415E0611C1F}.Debug|Any CPU.Build.0 = Debug|Any CPU
		{DC4682A1-F3B6-4410-A51B-1415E0611C1F}.Release|Any CPU.ActiveCfg = Release|Any CPU
		{DC4682A1-F3B6-4410-A51B-1415E0611C1F}.Release|Any CPU.Build.0 = Release|Any CPU
		{23E7A478-40D8-4AA9-A407-75E98E092B72}.Debug|Any CPU.ActiveCfg = Debug|Any CPU
		{23E7A478-40D8-4AA9-A407-75E98E092B72}.Debug|Any CPU.Build.0 = Debug|Any CPU
		{23E7A478-40D8-4AA9-A407-75E98E092B72}.Release|Any CPU.ActiveCfg = Release|Any CPU
		{23E7A478-40D8-4AA9-A407-75E98E092B72}.Release|Any CPU.Build.0 = Release|Any CPU
		{40AE3664-693F-4BBC-AB94-09624EF67769}.Debug|Any CPU.ActiveCfg = Debug|Any CPU
		{40AE3664-693F-4BBC-AB94-09624EF67769}.Debug|Any CPU.Build.0 = Debug|Any CPU
		{40AE3664-693F-4BBC-AB94-09624EF67769}.Release|Any CPU.ActiveCfg = Release|Any CPU
		{40AE3664-693F-4BBC-AB94-09624EF67769}.Release|Any CPU.Build.0 = Release|Any CPU
		{672DB7AD-87CE-4418-821B-EB814A1DA144}.Debug|Any CPU.ActiveCfg = Debug|Any CPU
		{672DB7AD-87CE-4418-821B-EB814A1DA144}.Debug|Any CPU.Build.0 = Debug|Any CPU
		{672DB7AD-87CE-4418-821B-EB814A1DA144}.Release|Any CPU.ActiveCfg = Release|Any CPU
		{672DB7AD-87CE-4418-821B-EB814A1DA144}.Release|Any CPU.Build.0 = Release|Any CPU
		{FF3B8F71-72D4-4031-88C5-315C3150353F}.Debug|Any CPU.ActiveCfg = Debug|Any CPU
		{FF3B8F71-72D4-4031-88C5-315C3150353F}.Debug|Any CPU.Build.0 = Debug|Any CPU
		{FF3B8F71-72D4-4031-88C5-315C3150353F}.Release|Any CPU.ActiveCfg = Release|Any CPU
		{FF3B8F71-72D4-4031-88C5-315C3150353F}.Release|Any CPU.Build.0 = Release|Any CPU
		{600DB5EA-B709-4716-AB19-411F7F0423A5}.Debug|Any CPU.ActiveCfg = Debug|Any CPU
		{600DB5EA-B709-4716-AB19-411F7F0423A5}.Debug|Any CPU.Build.0 = Debug|Any CPU
		{600DB5EA-B709-4716-AB19-411F7F0423A5}.Release|Any CPU.ActiveCfg = Release|Any CPU
		{600DB5EA-B709-4716-AB19-411F7F0423A5}.Release|Any CPU.Build.0 = Release|Any CPU
		{986A61E7-BB19-488F-BCCF-F1F029AD273C}.Debug|Any CPU.ActiveCfg = Debug|Any CPU
		{986A61E7-BB19-488F-BCCF-F1F029AD273C}.Debug|Any CPU.Build.0 = Debug|Any CPU
		{986A61E7-BB19-488F-BCCF-F1F029AD273C}.Release|Any CPU.ActiveCfg = Release|Any CPU
		{986A61E7-BB19-488F-BCCF-F1F029AD273C}.Release|Any CPU.Build.0 = Release|Any CPU
		{369AAC59-6C34-4856-B9B0-5760A3D6349E}.Debug|Any CPU.ActiveCfg = Debug|Any CPU
		{369AAC59-6C34-4856-B9B0-5760A3D6349E}.Debug|Any CPU.Build.0 = Debug|Any CPU
		{369AAC59-6C34-4856-B9B0-5760A3D6349E}.Release|Any CPU.ActiveCfg = Release|Any CPU
		{369AAC59-6C34-4856-B9B0-5760A3D6349E}.Release|Any CPU.Build.0 = Release|Any CPU
	EndGlobalSection
	GlobalSection(SolutionProperties) = preSolution
		HideSolutionNode = FALSE
	EndGlobalSection
	GlobalSection(ExtensibilityGlobals) = postSolution
		SolutionGuid = {77CBF436-3FE8-452A-BC18-84BFB6964E29}
	EndGlobalSection
EndGlobal
